
Microsoft Visual Studio Solution File, Format Version 12.00
# Visual Studio 15
VisualStudioVersion = 15.0.26228.9
MinimumVisualStudioVersion = 10.0.40219.1
Project("{9A19103F-16F7-4668-BE54-9A1E7A4F7556}") = "Lykke.Core", "src\Core\Lykke.Core.csproj", "{66C09168-AC9C-4DAF-932F-24FE116E5BFC}"
EndProject
Project("{9A19103F-16F7-4668-BE54-9A1E7A4F7556}") = "Lykke.AzureRepositories", "src\AzureRepositories\Lykke.AzureRepositories.csproj", "{9191EB16-9AC2-4213-BD30-FF3934449447}"
EndProject
Global
	GlobalSection(SolutionConfigurationPlatforms) = preSolution
		Debug|Any CPU = Debug|Any CPU
		Release|Any CPU = Release|Any CPU
	EndGlobalSection
	GlobalSection(ProjectConfigurationPlatforms) = postSolution
		{66C09168-AC9C-4DAF-932F-24FE116E5BFC}.Debug|Any CPU.ActiveCfg = Debug|Any CPU
		{66C09168-AC9C-4DAF-932F-24FE116E5BFC}.Debug|Any CPU.Build.0 = Debug|Any CPU
		{66C09168-AC9C-4DAF-932F-24FE116E5BFC}.Release|Any CPU.ActiveCfg = Release|Any CPU
		{66C09168-AC9C-4DAF-932F-24FE116E5BFC}.Release|Any CPU.Build.0 = Release|Any CPU
		{9191EB16-9AC2-4213-BD30-FF3934449447}.Debug|Any CPU.ActiveCfg = Debug|Any CPU
		{9191EB16-9AC2-4213-BD30-FF3934449447}.Debug|Any CPU.Build.0 = Debug|Any CPU
		{9191EB16-9AC2-4213-BD30-FF3934449447}.Release|Any CPU.ActiveCfg = Release|Any CPU
		{9191EB16-9AC2-4213-BD30-FF3934449447}.Release|Any CPU.Build.0 = Release|Any CPU
	EndGlobalSection
	GlobalSection(SolutionProperties) = preSolution
		HideSolutionNode = FALSE
	EndGlobalSection
EndGlobal
