
Microsoft Visual Studio Solution File, Format Version 12.00
# Visual Studio 15
VisualStudioVersion = 15.0.26228.9
MinimumVisualStudioVersion = 10.0.40219.1
Project("{9A19103F-16F7-4668-BE54-9A1E7A4F7556}") = "Lykke.Core", "src\Lykke.Pkg.Core\Lykke.Core.csproj", "{A079FAD3-6769-4E9E-964E-CD8034560AE4}"
EndProject
Project("{9A19103F-16F7-4668-BE54-9A1E7A4F7556}") = "Lykke.AzureRepositories", "src\Lykke.Pkg.AzureRepositories\Lykke.AzureRepositories.csproj", "{9F0BD2CA-FF15-48B8-AAB1-95A36DDB0B13}"
	ProjectSection(ProjectDependencies) = postProject
		{A079FAD3-6769-4E9E-964E-CD8034560AE4} = {A079FAD3-6769-4E9E-964E-CD8034560AE4}
	EndProjectSection
EndProject
Global
	GlobalSection(SolutionConfigurationPlatforms) = preSolution
		Debug|Any CPU = Debug|Any CPU
		Release|Any CPU = Release|Any CPU
	EndGlobalSection
	GlobalSection(ProjectConfigurationPlatforms) = postSolution
		{A079FAD3-6769-4E9E-964E-CD8034560AE4}.Debug|Any CPU.ActiveCfg = Debug|Any CPU
		{A079FAD3-6769-4E9E-964E-CD8034560AE4}.Debug|Any CPU.Build.0 = Debug|Any CPU
		{A079FAD3-6769-4E9E-964E-CD8034560AE4}.Release|Any CPU.ActiveCfg = Release|Any CPU
		{A079FAD3-6769-4E9E-964E-CD8034560AE4}.Release|Any CPU.Build.0 = Release|Any CPU
		{9F0BD2CA-FF15-48B8-AAB1-95A36DDB0B13}.Debug|Any CPU.ActiveCfg = Debug|Any CPU
		{9F0BD2CA-FF15-48B8-AAB1-95A36DDB0B13}.Debug|Any CPU.Build.0 = Debug|Any CPU
		{9F0BD2CA-FF15-48B8-AAB1-95A36DDB0B13}.Release|Any CPU.ActiveCfg = Release|Any CPU
		{9F0BD2CA-FF15-48B8-AAB1-95A36DDB0B13}.Release|Any CPU.Build.0 = Release|Any CPU
	EndGlobalSection
	GlobalSection(SolutionProperties) = preSolution
		HideSolutionNode = FALSE
	EndGlobalSection
EndGlobal
