
Microsoft Visual Studio Solution File, Format Version 12.00
# Visual Studio 15
VisualStudioVersion = 15.0.26228.9
MinimumVisualStudioVersion = 10.0.40219.1
Project("{9A19103F-16F7-4668-BE54-9A1E7A4F7556}") = "Lykke.Core", "src\Lykke.Pkg.Core\Lykke.Core.csproj", "{29843A6B-17BB-4F0F-A95B-BEEE35C8DE56}"
EndProject
Project("{9A19103F-16F7-4668-BE54-9A1E7A4F7556}") = "Lykke.AzureRepositories", "src\Lykke.Pkg.AzureRepositories\Lykke.AzureRepositories.csproj", "{6488DDC2-5C3A-47D8-9817-CBCB36D14011}"
EndProject
Global
	GlobalSection(SolutionConfigurationPlatforms) = preSolution
		Debug|Any CPU = Debug|Any CPU
		Release|Any CPU = Release|Any CPU
	EndGlobalSection
	GlobalSection(ProjectConfigurationPlatforms) = postSolution
		{29843A6B-17BB-4F0F-A95B-BEEE35C8DE56}.Debug|Any CPU.ActiveCfg = Debug|Any CPU
		{29843A6B-17BB-4F0F-A95B-BEEE35C8DE56}.Debug|Any CPU.Build.0 = Debug|Any CPU
		{29843A6B-17BB-4F0F-A95B-BEEE35C8DE56}.Release|Any CPU.ActiveCfg = Release|Any CPU
		{29843A6B-17BB-4F0F-A95B-BEEE35C8DE56}.Release|Any CPU.Build.0 = Release|Any CPU
		{6488DDC2-5C3A-47D8-9817-CBCB36D14011}.Debug|Any CPU.ActiveCfg = Debug|Any CPU
		{6488DDC2-5C3A-47D8-9817-CBCB36D14011}.Debug|Any CPU.Build.0 = Debug|Any CPU
		{6488DDC2-5C3A-47D8-9817-CBCB36D14011}.Release|Any CPU.ActiveCfg = Release|Any CPU
		{6488DDC2-5C3A-47D8-9817-CBCB36D14011}.Release|Any CPU.Build.0 = Release|Any CPU
	EndGlobalSection
	GlobalSection(SolutionProperties) = preSolution
		HideSolutionNode = FALSE
	EndGlobalSection
EndGlobal
